
Microsoft Visual Studio Solution File, Format Version 12.00
# Visual Studio Version 17
VisualStudioVersion = 17.2.32616.157
MinimumVisualStudioVersion = 10.0.40219.1
Project("{FAE04EC0-301F-11D3-BF4B-00C04F79EFBC}") = "SD-125-Unit-Testing", "SD-125-Unit-Testing\SD-125-Unit-Testing.csproj", "{37A31D05-DC12-4BDF-AD17-329D8ACA18A5}"
EndProject
Project("{FAE04EC0-301F-11D3-BF4B-00C04F79EFBC}") = "TestProject", "TestProject\TestProject.csproj", "{D207FD66-8EAF-42C3-B278-F1CFEA2D8E14}"
EndProject
Global
	GlobalSection(SolutionConfigurationPlatforms) = preSolution
		Debug|Any CPU = Debug|Any CPU
		Release|Any CPU = Release|Any CPU
	EndGlobalSection
	GlobalSection(ProjectConfigurationPlatforms) = postSolution
		{37A31D05-DC12-4BDF-AD17-329D8ACA18A5}.Debug|Any CPU.ActiveCfg = Debug|Any CPU
		{37A31D05-DC12-4BDF-AD17-329D8ACA18A5}.Debug|Any CPU.Build.0 = Debug|Any CPU
		{37A31D05-DC12-4BDF-AD17-329D8ACA18A5}.Release|Any CPU.ActiveCfg = Release|Any CPU
		{37A31D05-DC12-4BDF-AD17-329D8ACA18A5}.Release|Any CPU.Build.0 = Release|Any CPU
		{D207FD66-8EAF-42C3-B278-F1CFEA2D8E14}.Debug|Any CPU.ActiveCfg = Debug|Any CPU
		{D207FD66-8EAF-42C3-B278-F1CFEA2D8E14}.Debug|Any CPU.Build.0 = Debug|Any CPU
		{D207FD66-8EAF-42C3-B278-F1CFEA2D8E14}.Release|Any CPU.ActiveCfg = Release|Any CPU
		{D207FD66-8EAF-42C3-B278-F1CFEA2D8E14}.Release|Any CPU.Build.0 = Release|Any CPU
	EndGlobalSection
	GlobalSection(SolutionProperties) = preSolution
		HideSolutionNode = FALSE
	EndGlobalSection
	GlobalSection(ExtensibilityGlobals) = postSolution
		SolutionGuid = {47DDCE16-EA17-4414-935D-02C091484657}
	EndGlobalSection
EndGlobal
